
Microsoft Visual Studio Solution File, Format Version 12.00
# Visual Studio 15
VisualStudioVersion = 15.0.27130.2010
MinimumVisualStudioVersion = 10.0.40219.1
Project("{FAE04EC0-301F-11D3-BF4B-00C04F79EFBC}") = "PostGetModel", "PostGetModel\PostGetModel.csproj", "{95A98F01-13E8-48E1-9023-BA09B38EBFE5}"
EndProject
Global
	GlobalSection(SolutionConfigurationPlatforms) = preSolution
		Debug|Any CPU = Debug|Any CPU
		Release|Any CPU = Release|Any CPU
	EndGlobalSection
	GlobalSection(ProjectConfigurationPlatforms) = postSolution
		{95A98F01-13E8-48E1-9023-BA09B38EBFE5}.Debug|Any CPU.ActiveCfg = Debug|Any CPU
		{95A98F01-13E8-48E1-9023-BA09B38EBFE5}.Debug|Any CPU.Build.0 = Debug|Any CPU
		{95A98F01-13E8-48E1-9023-BA09B38EBFE5}.Release|Any CPU.ActiveCfg = Release|Any CPU
		{95A98F01-13E8-48E1-9023-BA09B38EBFE5}.Release|Any CPU.Build.0 = Release|Any CPU
	EndGlobalSection
	GlobalSection(SolutionProperties) = preSolution
		HideSolutionNode = FALSE
	EndGlobalSection
	GlobalSection(ExtensibilityGlobals) = postSolution
		SolutionGuid = {64048E3B-2E53-4CBD-9EC0-946A858F83F6}
	EndGlobalSection
EndGlobal
