
Microsoft Visual Studio Solution File, Format Version 12.00
# Visual Studio 15
VisualStudioVersion = 15.0.27130.2010
MinimumVisualStudioVersion = 10.0.40219.1
Project("{FAE04EC0-301F-11D3-BF4B-00C04F79EFBC}") = "Aula06LayoutRenderViewBoostrap", "Aula06LayoutRenderViewBoostrap\Aula06LayoutRenderViewBoostrap.csproj", "{068F917A-92D6-4B55-98E6-B75475F7C4D4}"
EndProject
Global
	GlobalSection(SolutionConfigurationPlatforms) = preSolution
		Debug|Any CPU = Debug|Any CPU
		Release|Any CPU = Release|Any CPU
	EndGlobalSection
	GlobalSection(ProjectConfigurationPlatforms) = postSolution
		{068F917A-92D6-4B55-98E6-B75475F7C4D4}.Debug|Any CPU.ActiveCfg = Debug|Any CPU
		{068F917A-92D6-4B55-98E6-B75475F7C4D4}.Debug|Any CPU.Build.0 = Debug|Any CPU
		{068F917A-92D6-4B55-98E6-B75475F7C4D4}.Release|Any CPU.ActiveCfg = Release|Any CPU
		{068F917A-92D6-4B55-98E6-B75475F7C4D4}.Release|Any CPU.Build.0 = Release|Any CPU
	EndGlobalSection
	GlobalSection(SolutionProperties) = preSolution
		HideSolutionNode = FALSE
	EndGlobalSection
	GlobalSection(ExtensibilityGlobals) = postSolution
		SolutionGuid = {2E4C785A-1C91-4F10-868E-09DF09A00634}
	EndGlobalSection
EndGlobal
