
Microsoft Visual Studio Solution File, Format Version 12.00
# Visual Studio 15
VisualStudioVersion = 15.0.27130.2010
MinimumVisualStudioVersion = 10.0.40219.1
Project("{FAE04EC0-301F-11D3-BF4B-00C04F79EFBC}") = "HelloWorld", "HelloWorld\HelloWorld.csproj", "{B04D5C7B-E540-45E5-AB78-8C36051B438B}"
EndProject
Global
	GlobalSection(SolutionConfigurationPlatforms) = preSolution
		Debug|Any CPU = Debug|Any CPU
		Release|Any CPU = Release|Any CPU
	EndGlobalSection
	GlobalSection(ProjectConfigurationPlatforms) = postSolution
		{B04D5C7B-E540-45E5-AB78-8C36051B438B}.Debug|Any CPU.ActiveCfg = Debug|Any CPU
		{B04D5C7B-E540-45E5-AB78-8C36051B438B}.Debug|Any CPU.Build.0 = Debug|Any CPU
		{B04D5C7B-E540-45E5-AB78-8C36051B438B}.Release|Any CPU.ActiveCfg = Release|Any CPU
		{B04D5C7B-E540-45E5-AB78-8C36051B438B}.Release|Any CPU.Build.0 = Release|Any CPU
	EndGlobalSection
	GlobalSection(SolutionProperties) = preSolution
		HideSolutionNode = FALSE
	EndGlobalSection
	GlobalSection(ExtensibilityGlobals) = postSolution
		SolutionGuid = {CCDE8486-E0BF-4A5A-8F7F-F98AE993D7BF}
	EndGlobalSection
EndGlobal
