
Microsoft Visual Studio Solution File, Format Version 12.00
# Visual Studio 15
VisualStudioVersion = 15.0.27130.2010
MinimumVisualStudioVersion = 10.0.40219.1
Project("{FAE04EC0-301F-11D3-BF4B-00C04F79EFBC}") = "ExemploValidacao", "ExemploValidacao\ExemploValidacao.csproj", "{03949980-9E70-4DE3-9D28-6EE483CF62E5}"
EndProject
Global
	GlobalSection(SolutionConfigurationPlatforms) = preSolution
		Debug|Any CPU = Debug|Any CPU
		Release|Any CPU = Release|Any CPU
	EndGlobalSection
	GlobalSection(ProjectConfigurationPlatforms) = postSolution
		{03949980-9E70-4DE3-9D28-6EE483CF62E5}.Debug|Any CPU.ActiveCfg = Debug|Any CPU
		{03949980-9E70-4DE3-9D28-6EE483CF62E5}.Debug|Any CPU.Build.0 = Debug|Any CPU
		{03949980-9E70-4DE3-9D28-6EE483CF62E5}.Release|Any CPU.ActiveCfg = Release|Any CPU
		{03949980-9E70-4DE3-9D28-6EE483CF62E5}.Release|Any CPU.Build.0 = Release|Any CPU
	EndGlobalSection
	GlobalSection(SolutionProperties) = preSolution
		HideSolutionNode = FALSE
	EndGlobalSection
	GlobalSection(ExtensibilityGlobals) = postSolution
		SolutionGuid = {352CBB24-106E-42CA-A1B1-F2A8653DF699}
	EndGlobalSection
EndGlobal
